
Microsoft Visual Studio Solution File, Format Version 12.00
# Visual Studio Version 17
VisualStudioVersion = 17.0.31903.59
MinimumVisualStudioVersion = 10.0.40219.1
Project("{9A19103F-16F7-4668-BE54-9A1E7A4F7556}") = "VendingMachineApp", "VendingMachineApp\VendingMachineApp.csproj", "{31E9C8ED-F327-47EA-8BD0-017F9263E4CD}"
EndProject
Project("{FAE04EC0-301F-11D3-BF4B-00C04F79EFBC}") = "VendingMachineApp.Test", "VendingMachineApp.Test\VendingMachineApp.Test.csproj", "{468F7109-2ECC-47E5-95C2-C721D667B191}"
EndProject
Global
	GlobalSection(SolutionConfigurationPlatforms) = preSolution
		Debug|Any CPU = Debug|Any CPU
		Release|Any CPU = Release|Any CPU
	EndGlobalSection
	GlobalSection(ProjectConfigurationPlatforms) = postSolution
		{31E9C8ED-F327-47EA-8BD0-017F9263E4CD}.Debug|Any CPU.ActiveCfg = Debug|Any CPU
		{31E9C8ED-F327-47EA-8BD0-017F9263E4CD}.Debug|Any CPU.Build.0 = Debug|Any CPU
		{31E9C8ED-F327-47EA-8BD0-017F9263E4CD}.Release|Any CPU.ActiveCfg = Release|Any CPU
		{31E9C8ED-F327-47EA-8BD0-017F9263E4CD}.Release|Any CPU.Build.0 = Release|Any CPU
		{468F7109-2ECC-47E5-95C2-C721D667B191}.Debug|Any CPU.ActiveCfg = Debug|Any CPU
		{468F7109-2ECC-47E5-95C2-C721D667B191}.Debug|Any CPU.Build.0 = Debug|Any CPU
		{468F7109-2ECC-47E5-95C2-C721D667B191}.Release|Any CPU.ActiveCfg = Release|Any CPU
		{468F7109-2ECC-47E5-95C2-C721D667B191}.Release|Any CPU.Build.0 = Release|Any CPU
	EndGlobalSection
	GlobalSection(SolutionProperties) = preSolution
		HideSolutionNode = FALSE
	EndGlobalSection
	GlobalSection(ExtensibilityGlobals) = postSolution
		SolutionGuid = {4D113EEF-AEEF-4E9C-8A2B-87E45C6CBADD}
	EndGlobalSection
EndGlobal
